// !$*UTF8*$!
{
	archiveVersion = 1;
	classes = {
	};
	objectVersion = 55;
	objects = {

/* Begin PBXBuildFile section */
		BA14C55927CB6138006F61DF /* MainPresenter.swift in Sources */ = {isa = PBXBuildFile; fileRef = BA14C55827CB6138006F61DF /* MainPresenter.swift */; };
		BA14C55B27CB62E1006F61DF /* Comment.swift in Sources */ = {isa = PBXBuildFile; fileRef = BA14C55A27CB62E1006F61DF /* Comment.swift */; };
		BA14C56227CB68EE006F61DF /* MainViewController.xib in Resources */ = {isa = PBXBuildFile; fileRef = BA14C56127CB68EE006F61DF /* MainViewController.xib */; };
		BA14C56427CB6AF5006F61DF /* ModuleBuilder.swift in Sources */ = {isa = PBXBuildFile; fileRef = BA14C56327CB6AF5006F61DF /* ModuleBuilder.swift */; };
		BA14C57127CB78E0006F61DF /* mvpTests.swift in Sources */ = {isa = PBXBuildFile; fileRef = BA14C57027CB78E0006F61DF /* mvpTests.swift */; };
		BA14C57827CB8B8C006F61DF /* NetworkService.swift in Sources */ = {isa = PBXBuildFile; fileRef = BA14C57727CB8B8C006F61DF /* NetworkService.swift */; };
		BA14C57A27CB9D2C006F61DF /* DetailPresenter.swift in Sources */ = {isa = PBXBuildFile; fileRef = BA14C57927CB9D2C006F61DF /* DetailPresenter.swift */; };
		BA14C58027CBA12A006F61DF /* DetailViewController.swift in Sources */ = {isa = PBXBuildFile; fileRef = BA14C57E27CBA12A006F61DF /* DetailViewController.swift */; };
		BA14C58127CBA12A006F61DF /* DetailViewController.xib in Resources */ = {isa = PBXBuildFile; fileRef = BA14C57F27CBA12A006F61DF /* DetailViewController.xib */; };
		BAC9505727CAC82E00C999E9 /* AppDelegate.swift in Sources */ = {isa = PBXBuildFile; fileRef = BAC9505627CAC82E00C999E9 /* AppDelegate.swift */; };
		BAC9505927CAC82E00C999E9 /* SceneDelegate.swift in Sources */ = {isa = PBXBuildFile; fileRef = BAC9505827CAC82E00C999E9 /* SceneDelegate.swift */; };
		BAC9505B27CAC82E00C999E9 /* MainViewController.swift in Sources */ = {isa = PBXBuildFile; fileRef = BAC9505A27CAC82E00C999E9 /* MainViewController.swift */; };
		BAC9505E27CAC82E00C999E9 /* Main.storyboard in Resources */ = {isa = PBXBuildFile; fileRef = BAC9505C27CAC82E00C999E9 /* Main.storyboard */; };
		BAC9506027CAC82F00C999E9 /* Assets.xcassets in Resources */ = {isa = PBXBuildFile; fileRef = BAC9505F27CAC82F00C999E9 /* Assets.xcassets */; };
		BAC9506327CAC82F00C999E9 /* LaunchScreen.storyboard in Resources */ = {isa = PBXBuildFile; fileRef = BAC9506127CAC82F00C999E9 /* LaunchScreen.storyboard */; };
/* End PBXBuildFile section */

/* Begin PBXContainerItemProxy section */
		BA14C57227CB78E0006F61DF /* PBXContainerItemProxy */ = {
			isa = PBXContainerItemProxy;
			containerPortal = BAC9504B27CAC82E00C999E9 /* Project object */;
			proxyType = 1;
			remoteGlobalIDString = BAC9505227CAC82E00C999E9;
			remoteInfo = mvp;
		};
/* End PBXContainerItemProxy section */

/* Begin PBXFileReference section */
		BA14C55827CB6138006F61DF /* MainPresenter.swift */ = {isa = PBXFileReference; lastKnownFileType = sourcecode.swift; path = MainPresenter.swift; sourceTree = "<group>"; };
		BA14C55A27CB62E1006F61DF /* Comment.swift */ = {isa = PBXFileReference; lastKnownFileType = sourcecode.swift; path = Comment.swift; sourceTree = "<group>"; };
		BA14C56127CB68EE006F61DF /* MainViewController.xib */ = {isa = PBXFileReference; lastKnownFileType = file.xib; path = MainViewController.xib; sourceTree = "<group>"; };
		BA14C56327CB6AF5006F61DF /* ModuleBuilder.swift */ = {isa = PBXFileReference; lastKnownFileType = sourcecode.swift; path = ModuleBuilder.swift; sourceTree = "<group>"; };
		BA14C56E27CB78E0006F61DF /* mvpTests.xctest */ = {isa = PBXFileReference; explicitFileType = wrapper.cfbundle; includeInIndex = 0; path = mvpTests.xctest; sourceTree = BUILT_PRODUCTS_DIR; };
		BA14C57027CB78E0006F61DF /* mvpTests.swift */ = {isa = PBXFileReference; lastKnownFileType = sourcecode.swift; path = mvpTests.swift; sourceTree = "<group>"; };
		BA14C57727CB8B8C006F61DF /* NetworkService.swift */ = {isa = PBXFileReference; lastKnownFileType = sourcecode.swift; path = NetworkService.swift; sourceTree = "<group>"; };
		BA14C57927CB9D2C006F61DF /* DetailPresenter.swift */ = {isa = PBXFileReference; lastKnownFileType = sourcecode.swift; path = DetailPresenter.swift; sourceTree = "<group>"; };
		BA14C57E27CBA12A006F61DF /* DetailViewController.swift */ = {isa = PBXFileReference; lastKnownFileType = sourcecode.swift; path = DetailViewController.swift; sourceTree = "<group>"; };
		BA14C57F27CBA12A006F61DF /* DetailViewController.xib */ = {isa = PBXFileReference; lastKnownFileType = file.xib; path = DetailViewController.xib; sourceTree = "<group>"; };
		BAC9505327CAC82E00C999E9 /* mvp.app */ = {isa = PBXFileReference; explicitFileType = wrapper.application; includeInIndex = 0; path = mvp.app; sourceTree = BUILT_PRODUCTS_DIR; };
		BAC9505627CAC82E00C999E9 /* AppDelegate.swift */ = {isa = PBXFileReference; lastKnownFileType = sourcecode.swift; path = AppDelegate.swift; sourceTree = "<group>"; };
		BAC9505827CAC82E00C999E9 /* SceneDelegate.swift */ = {isa = PBXFileReference; lastKnownFileType = sourcecode.swift; path = SceneDelegate.swift; sourceTree = "<group>"; };
		BAC9505A27CAC82E00C999E9 /* MainViewController.swift */ = {isa = PBXFileReference; lastKnownFileType = sourcecode.swift; path = MainViewController.swift; sourceTree = "<group>"; };
		BAC9505D27CAC82E00C999E9 /* Base */ = {isa = PBXFileReference; lastKnownFileType = file.storyboard; name = Base; path = Base.lproj/Main.storyboard; sourceTree = "<group>"; };
		BAC9505F27CAC82F00C999E9 /* Assets.xcassets */ = {isa = PBXFileReference; lastKnownFileType = folder.assetcatalog; path = Assets.xcassets; sourceTree = "<group>"; };
		BAC9506227CAC82F00C999E9 /* Base */ = {isa = PBXFileReference; lastKnownFileType = file.storyboard; name = Base; path = Base.lproj/LaunchScreen.storyboard; sourceTree = "<group>"; };
		BAC9506427CAC82F00C999E9 /* Info.plist */ = {isa = PBXFileReference; lastKnownFileType = text.plist.xml; path = Info.plist; sourceTree = "<group>"; };
/* End PBXFileReference section */

/* Begin PBXFrameworksBuildPhase section */
		BA14C56B27CB78E0006F61DF /* Frameworks */ = {
			isa = PBXFrameworksBuildPhase;
			buildActionMask = 2147483647;
			files = (
			);
			runOnlyForDeploymentPostprocessing = 0;
		};
		BAC9505027CAC82E00C999E9 /* Frameworks */ = {
			isa = PBXFrameworksBuildPhase;
			buildActionMask = 2147483647;
			files = (
			);
			runOnlyForDeploymentPostprocessing = 0;
		};
/* End PBXFrameworksBuildPhase section */

/* Begin PBXGroup section */
		BA14C55D27CB67E4006F61DF /* MainModule */ = {
			isa = PBXGroup;
			children = (
				BA14C55E27CB6854006F61DF /* View */,
				BA14C55F27CB6869006F61DF /* Presenter */,
				BA14C56027CB687F006F61DF /* Model */,
			);
			path = MainModule;
			sourceTree = "<group>";
		};
		BA14C55E27CB6854006F61DF /* View */ = {
			isa = PBXGroup;
			children = (
				BAC9505A27CAC82E00C999E9 /* MainViewController.swift */,
				BA14C56127CB68EE006F61DF /* MainViewController.xib */,
			);
			path = View;
			sourceTree = "<group>";
		};
		BA14C55F27CB6869006F61DF /* Presenter */ = {
			isa = PBXGroup;
			children = (
				BA14C55827CB6138006F61DF /* MainPresenter.swift */,
			);
			path = Presenter;
			sourceTree = "<group>";
		};
		BA14C56027CB687F006F61DF /* Model */ = {
			isa = PBXGroup;
			children = (
				BA14C55A27CB62E1006F61DF /* Comment.swift */,
			);
			path = Model;
			sourceTree = "<group>";
		};
		BA14C56F27CB78E0006F61DF /* mvpTests */ = {
			isa = PBXGroup;
			children = (
				BA14C57027CB78E0006F61DF /* mvpTests.swift */,
			);
			path = mvpTests;
			sourceTree = "<group>";
		};
		BA14C57B27CBA067006F61DF /* Presenter */ = {
			isa = PBXGroup;
			children = (
				BA14C57927CB9D2C006F61DF /* DetailPresenter.swift */,
			);
			path = Presenter;
			sourceTree = "<group>";
		};
		BA14C57C27CBA084006F61DF /* DetailModule */ = {
			isa = PBXGroup;
			children = (
				BA14C57B27CBA067006F61DF /* Presenter */,
				BA14C58227CBA148006F61DF /* View */,
			);
			path = DetailModule;
			sourceTree = "<group>";
		};
		BA14C58227CBA148006F61DF /* View */ = {
			isa = PBXGroup;
			children = (
				BA14C57E27CBA12A006F61DF /* DetailViewController.swift */,
				BA14C57F27CBA12A006F61DF /* DetailViewController.xib */,
			);
			path = View;
			sourceTree = "<group>";
		};
		BAC9504A27CAC82E00C999E9 = {
			isa = PBXGroup;
			children = (
				BAC9505527CAC82E00C999E9 /* mvp */,
				BA14C56F27CB78E0006F61DF /* mvpTests */,
				BAC9505427CAC82E00C999E9 /* Products */,
			);
			sourceTree = "<group>";
		};
		BAC9505427CAC82E00C999E9 /* Products */ = {
			isa = PBXGroup;
			children = (
				BAC9505327CAC82E00C999E9 /* mvp.app */,
				BA14C56E27CB78E0006F61DF /* mvpTests.xctest */,
			);
			name = Products;
			sourceTree = "<group>";
		};
		BAC9505527CAC82E00C999E9 /* mvp */ = {
			isa = PBXGroup;
			children = (
				BA14C56327CB6AF5006F61DF /* ModuleBuilder.swift */,
				BAC9505627CAC82E00C999E9 /* AppDelegate.swift */,
				BAC9505827CAC82E00C999E9 /* SceneDelegate.swift */,
				BAC9505C27CAC82E00C999E9 /* Main.storyboard */,
				BA14C57C27CBA084006F61DF /* DetailModule */,
				BA14C55D27CB67E4006F61DF /* MainModule */,
				BAC9505F27CAC82F00C999E9 /* Assets.xcassets */,
				BAC9506127CAC82F00C999E9 /* LaunchScreen.storyboard */,
				BAC9506427CAC82F00C999E9 /* Info.plist */,
				BA14C57727CB8B8C006F61DF /* NetworkService.swift */,
			);
			path = mvp;
			sourceTree = "<group>";
		};
/* End PBXGroup section */

/* Begin PBXNativeTarget section */
		BA14C56D27CB78E0006F61DF /* mvpTests */ = {
			isa = PBXNativeTarget;
			buildConfigurationList = BA14C57427CB78E0006F61DF /* Build configuration list for PBXNativeTarget "mvpTests" */;
			buildPhases = (
				BA14C56A27CB78E0006F61DF /* Sources */,
				BA14C56B27CB78E0006F61DF /* Frameworks */,
				BA14C56C27CB78E0006F61DF /* Resources */,
			);
			buildRules = (
			);
			dependencies = (
				BA14C57327CB78E0006F61DF /* PBXTargetDependency */,
			);
			name = mvpTests;
			productName = mvpTests;
			productReference = BA14C56E27CB78E0006F61DF /* mvpTests.xctest */;
			productType = "com.apple.product-type.bundle.unit-test";
		};
		BAC9505227CAC82E00C999E9 /* mvp */ = {
			isa = PBXNativeTarget;
			buildConfigurationList = BAC9507D27CAC83000C999E9 /* Build configuration list for PBXNativeTarget "mvp" */;
			buildPhases = (
				BAC9504F27CAC82E00C999E9 /* Sources */,
				BAC9505027CAC82E00C999E9 /* Frameworks */,
				BAC9505127CAC82E00C999E9 /* Resources */,
			);
			buildRules = (
			);
			dependencies = (
			);
			name = mvp;
			productName = mvp;
			productReference = BAC9505327CAC82E00C999E9 /* mvp.app */;
			productType = "com.apple.product-type.application";
		};
/* End PBXNativeTarget section */

/* Begin PBXProject section */
		BAC9504B27CAC82E00C999E9 /* Project object */ = {
			isa = PBXProject;
			attributes = {
				BuildIndependentTargetsInParallel = 1;
				LastSwiftUpdateCheck = 1320;
				LastUpgradeCheck = 1320;
				TargetAttributes = {
					BA14C56D27CB78E0006F61DF = {
						CreatedOnToolsVersion = 13.2.1;
						TestTargetID = BAC9505227CAC82E00C999E9;
					};
					BAC9505227CAC82E00C999E9 = {
						CreatedOnToolsVersion = 13.2.1;
					};
				};
			};
			buildConfigurationList = BAC9504E27CAC82E00C999E9 /* Build configuration list for PBXProject "mvp" */;
			compatibilityVersion = "Xcode 13.0";
			developmentRegion = en;
			hasScannedForEncodings = 0;
			knownRegions = (
				en,
				Base,
			);
			mainGroup = BAC9504A27CAC82E00C999E9;
			productRefGroup = BAC9505427CAC82E00C999E9 /* Products */;
			projectDirPath = "";
			projectRoot = "";
			targets = (
				BAC9505227CAC82E00C999E9 /* mvp */,
				BA14C56D27CB78E0006F61DF /* mvpTests */,
			);
		};
/* End PBXProject section */

/* Begin PBXResourcesBuildPhase section */
		BA14C56C27CB78E0006F61DF /* Resources */ = {
			isa = PBXResourcesBuildPhase;
			buildActionMask = 2147483647;
			files = (
			);
			runOnlyForDeploymentPostprocessing = 0;
		};
		BAC9505127CAC82E00C999E9 /* Resources */ = {
			isa = PBXResourcesBuildPhase;
			buildActionMask = 2147483647;
			files = (
				BAC9506327CAC82F00C999E9 /* LaunchScreen.storyboard in Resources */,
				BAC9506027CAC82F00C999E9 /* Assets.xcassets in Resources */,
				BA14C58127CBA12A006F61DF /* DetailViewController.xib in Resources */,
				BAC9505E27CAC82E00C999E9 /* Main.storyboard in Resources */,
				BA14C56227CB68EE006F61DF /* MainViewController.xib in Resources */,
			);
			runOnlyForDeploymentPostprocessing = 0;
		};
/* End PBXResourcesBuildPhase section */

/* Begin PBXSourcesBuildPhase section */
		BA14C56A27CB78E0006F61DF /* Sources */ = {
			isa = PBXSourcesBuildPhase;
			buildActionMask = 2147483647;
			files = (
				BA14C57127CB78E0006F61DF /* mvpTests.swift in Sources */,
			);
			runOnlyForDeploymentPostprocessing = 0;
		};
		BAC9504F27CAC82E00C999E9 /* Sources */ = {
			isa = PBXSourcesBuildPhase;
			buildActionMask = 2147483647;
			files = (
				BA14C58027CBA12A006F61DF /* DetailViewController.swift in Sources */,
				BA14C55B27CB62E1006F61DF /* Comment.swift in Sources */,
				BAC9505B27CAC82E00C999E9 /* MainViewController.swift in Sources */,
				BAC9505727CAC82E00C999E9 /* AppDelegate.swift in Sources */,
				BA14C57A27CB9D2C006F61DF /* DetailPresenter.swift in Sources */,
				BAC9505927CAC82E00C999E9 /* SceneDelegate.swift in Sources */,
				BA14C55927CB6138006F61DF /* MainPresenter.swift in Sources */,
				BA14C56427CB6AF5006F61DF /* ModuleBuilder.swift in Sources */,
				BA14C57827CB8B8C006F61DF /* NetworkService.swift in Sources */,
			);
			runOnlyForDeploymentPostprocessing = 0;
		};
/* End PBXSourcesBuildPhase section */

/* Begin PBXTargetDependency section */
		BA14C57327CB78E0006F61DF /* PBXTargetDependency */ = {
			isa = PBXTargetDependency;
			target = BAC9505227CAC82E00C999E9 /* mvp */;
			targetProxy = BA14C57227CB78E0006F61DF /* PBXContainerItemProxy */;
		};
/* End PBXTargetDependency section */

/* Begin PBXVariantGroup section */
		BAC9505C27CAC82E00C999E9 /* Main.storyboard */ = {
			isa = PBXVariantGroup;
			children = (
				BAC9505D27CAC82E00C999E9 /* Base */,
			);
			name = Main.storyboard;
			sourceTree = "<group>";
		};
		BAC9506127CAC82F00C999E9 /* LaunchScreen.storyboard */ = {
			isa = PBXVariantGroup;
			children = (
				BAC9506227CAC82F00C999E9 /* Base */,
			);
			name = LaunchScreen.storyboard;
			sourceTree = "<group>";
		};
/* End PBXVariantGroup section */

/* Begin XCBuildConfiguration section */
		BA14C57527CB78E0006F61DF /* Debug */ = {
			isa = XCBuildConfiguration;
			buildSettings = {
				BUNDLE_LOADER = "$(TEST_HOST)";
				CODE_SIGN_STYLE = Automatic;
				CURRENT_PROJECT_VERSION = 1;
				GENERATE_INFOPLIST_FILE = YES;
				MARKETING_VERSION = 1.0;
				PRODUCT_BUNDLE_IDENTIFIER = vitalii.mvpTests;
				PRODUCT_NAME = "$(TARGET_NAME)";
				SWIFT_EMIT_LOC_STRINGS = NO;
				SWIFT_VERSION = 5.0;
				TARGETED_DEVICE_FAMILY = "1,2";
				TEST_HOST = "$(BUILT_PRODUCTS_DIR)/mvp.app/mvp";
			};
			name = Debug;
		};
		BA14C57627CB78E0006F61DF /* Release */ = {
			isa = XCBuildConfiguration;
			buildSettings = {
				BUNDLE_LOADER = "$(TEST_HOST)";
				CODE_SIGN_STYLE = Automatic;
				CURRENT_PROJECT_VERSION = 1;
				GENERATE_INFOPLIST_FILE = YES;
				MARKETING_VERSION = 1.0;
				PRODUCT_BUNDLE_IDENTIFIER = vitalii.mvpTests;
				PRODUCT_NAME = "$(TARGET_NAME)";
				SWIFT_EMIT_LOC_STRINGS = NO;
				SWIFT_VERSION = 5.0;
				TARGETED_DEVICE_FAMILY = "1,2";
				TEST_HOST = "$(BUILT_PRODUCTS_DIR)/mvp.app/mvp";
			};
			name = Release;
		};
		BAC9507B27CAC83000C999E9 /* Debug */ = {
			isa = XCBuildConfiguration;
			buildSettings = {
				ALWAYS_SEARCH_USER_PATHS = NO;
				CLANG_ANALYZER_NONNULL = YES;
				CLANG_ANALYZER_NUMBER_OBJECT_CONVERSION = YES_AGGRESSIVE;
				CLANG_CXX_LANGUAGE_STANDARD = "gnu++17";
				CLANG_CXX_LIBRARY = "libc++";
				CLANG_ENABLE_MODULES = YES;
				CLANG_ENABLE_OBJC_ARC = YES;
				CLANG_ENABLE_OBJC_WEAK = YES;
				CLANG_WARN_BLOCK_CAPTURE_AUTORELEASING = YES;
				CLANG_WARN_BOOL_CONVERSION = YES;
				CLANG_WARN_COMMA = YES;
				CLANG_WARN_CONSTANT_CONVERSION = YES;
				CLANG_WARN_DEPRECATED_OBJC_IMPLEMENTATIONS = YES;
				CLANG_WARN_DIRECT_OBJC_ISA_USAGE = YES_ERROR;
				CLANG_WARN_DOCUMENTATION_COMMENTS = YES;
				CLANG_WARN_EMPTY_BODY = YES;
				CLANG_WARN_ENUM_CONVERSION = YES;
				CLANG_WARN_INFINITE_RECURSION = YES;
				CLANG_WARN_INT_CONVERSION = YES;
				CLANG_WARN_NON_LITERAL_NULL_CONVERSION = YES;
				CLANG_WARN_OBJC_IMPLICIT_RETAIN_SELF = YES;
				CLANG_WARN_OBJC_LITERAL_CONVERSION = YES;
				CLANG_WARN_OBJC_ROOT_CLASS = YES_ERROR;
				CLANG_WARN_QUOTED_INCLUDE_IN_FRAMEWORK_HEADER = YES;
				CLANG_WARN_RANGE_LOOP_ANALYSIS = YES;
				CLANG_WARN_STRICT_PROTOTYPES = YES;
				CLANG_WARN_SUSPICIOUS_MOVE = YES;
				CLANG_WARN_UNGUARDED_AVAILABILITY = YES_AGGRESSIVE;
				CLANG_WARN_UNREACHABLE_CODE = YES;
				CLANG_WARN__DUPLICATE_METHOD_MATCH = YES;
				COPY_PHASE_STRIP = NO;
				DEBUG_INFORMATION_FORMAT = dwarf;
				ENABLE_STRICT_OBJC_MSGSEND = YES;
				ENABLE_TESTABILITY = YES;
				GCC_C_LANGUAGE_STANDARD = gnu11;
				GCC_DYNAMIC_NO_PIC = NO;
				GCC_NO_COMMON_BLOCKS = YES;
				GCC_OPTIMIZATION_LEVEL = 0;
				GCC_PREPROCESSOR_DEFINITIONS = (
					"DEBUG=1",
					"$(inherited)",
				);
				GCC_WARN_64_TO_32_BIT_CONVERSION = YES;
				GCC_WARN_ABOUT_RETURN_TYPE = YES_ERROR;
				GCC_WARN_UNDECLARED_SELECTOR = YES;
				GCC_WARN_UNINITIALIZED_AUTOS = YES_AGGRESSIVE;
				GCC_WARN_UNUSED_FUNCTION = YES;
				GCC_WARN_UNUSED_VARIABLE = YES;
				IPHONEOS_DEPLOYMENT_TARGET = 15.2;
				MTL_ENABLE_DEBUG_INFO = INCLUDE_SOURCE;
				MTL_FAST_MATH = YES;
				ONLY_ACTIVE_ARCH = YES;
				SDKROOT = iphoneos;
				SWIFT_ACTIVE_COMPILATION_CONDITIONS = DEBUG;
				SWIFT_OPTIMIZATION_LEVEL = "-Onone";
			};
			name = Debug;
		};
		BAC9507C27CAC83000C999E9 /* Release */ = {
			isa = XCBuildConfiguration;
			buildSettings = {
				ALWAYS_SEARCH_USER_PATHS = NO;
				CLANG_ANALYZER_NONNULL = YES;
				CLANG_ANALYZER_NUMBER_OBJECT_CONVERSION = YES_AGGRESSIVE;
				CLANG_CXX_LANGUAGE_STANDARD = "gnu++17";
				CLANG_CXX_LIBRARY = "libc++";
				CLANG_ENABLE_MODULES = YES;
				CLANG_ENABLE_OBJC_ARC = YES;
				CLANG_ENABLE_OBJC_WEAK = YES;
				CLANG_WARN_BLOCK_CAPTURE_AUTORELEASING = YES;
				CLANG_WARN_BOOL_CONVERSION = YES;
				CLANG_WARN_COMMA = YES;
				CLANG_WARN_CONSTANT_CONVERSION = YES;
				CLANG_WARN_DEPRECATED_OBJC_IMPLEMENTATIONS = YES;
				CLANG_WARN_DIRECT_OBJC_ISA_USAGE = YES_ERROR;
				CLANG_WARN_DOCUMENTATION_COMMENTS = YES;
				CLANG_WARN_EMPTY_BODY = YES;
				CLANG_WARN_ENUM_CONVERSION = YES;
				CLANG_WARN_INFINITE_RECURSION = YES;
				CLANG_WARN_INT_CONVERSION = YES;
				CLANG_WARN_NON_LITERAL_NULL_CONVERSION = YES;
				CLANG_WARN_OBJC_IMPLICIT_RETAIN_SELF = YES;
				CLANG_WARN_OBJC_LITERAL_CONVERSION = YES;
				CLANG_WARN_OBJC_ROOT_CLASS = YES_ERROR;
				CLANG_WARN_QUOTED_INCLUDE_IN_FRAMEWORK_HEADER = YES;
				CLANG_WARN_RANGE_LOOP_ANALYSIS = YES;
				CLANG_WARN_STRICT_PROTOTYPES = YES;
				CLANG_WARN_SUSPICIOUS_MOVE = YES;
				CLANG_WARN_UNGUARDED_AVAILABILITY = YES_AGGRESSIVE;
				CLANG_WARN_UNREACHABLE_CODE = YES;
				CLANG_WARN__DUPLICATE_METHOD_MATCH = YES;
				COPY_PHASE_STRIP = NO;
				DEBUG_INFORMATION_FORMAT = "dwarf-with-dsym";
				ENABLE_NS_ASSERTIONS = NO;
				ENABLE_STRICT_OBJC_MSGSEND = YES;
				GCC_C_LANGUAGE_STANDARD = gnu11;
				GCC_NO_COMMON_BLOCKS = YES;
				GCC_WARN_64_TO_32_BIT_CONVERSION = YES;
				GCC_WARN_ABOUT_RETURN_TYPE = YES_ERROR;
				GCC_WARN_UNDECLARED_SELECTOR = YES;
				GCC_WARN_UNINITIALIZED_AUTOS = YES_AGGRESSIVE;
				GCC_WARN_UNUSED_FUNCTION = YES;
				GCC_WARN_UNUSED_VARIABLE = YES;
				IPHONEOS_DEPLOYMENT_TARGET = 15.2;
				MTL_ENABLE_DEBUG_INFO = NO;
				MTL_FAST_MATH = YES;
				SDKROOT = iphoneos;
				SWIFT_COMPILATION_MODE = wholemodule;
				SWIFT_OPTIMIZATION_LEVEL = "-O";
				VALIDATE_PRODUCT = YES;
			};
			name = Release;
		};
		BAC9507E27CAC83000C999E9 /* Debug */ = {
			isa = XCBuildConfiguration;
			buildSettings = {
				ASSETCATALOG_COMPILER_APPICON_NAME = AppIcon;
				ASSETCATALOG_COMPILER_GLOBAL_ACCENT_COLOR_NAME = AccentColor;
				CODE_SIGN_STYLE = Automatic;
				CURRENT_PROJECT_VERSION = 1;
				GENERATE_INFOPLIST_FILE = YES;
				INFOPLIST_FILE = mvp/Info.plist;
				INFOPLIST_KEY_UIApplicationSupportsIndirectInputEvents = YES;
				INFOPLIST_KEY_UILaunchStoryboardName = LaunchScreen;
				INFOPLIST_KEY_UIMainStoryboardFile = Main;
				INFOPLIST_KEY_UISupportedInterfaceOrientations_iPad = "UIInterfaceOrientationPortrait UIInterfaceOrientationPortraitUpsideDown UIInterfaceOrientationLandscapeLeft UIInterfaceOrientationLandscapeRight";
				INFOPLIST_KEY_UISupportedInterfaceOrientations_iPhone = "UIInterfaceOrientationPortrait UIInterfaceOrientationLandscapeLeft UIInterfaceOrientationLandscapeRight";
				LD_RUNPATH_SEARCH_PATHS = (
					"$(inherited)",
					"@executable_path/Frameworks",
				);
				MARKETING_VERSION = 1.0;
				PRODUCT_BUNDLE_IDENTIFIER = vitalii.mvp;
				PRODUCT_NAME = "$(TARGET_NAME)";
				SWIFT_EMIT_LOC_STRINGS = YES;
				SWIFT_VERSION = 5.0;
				TARGETED_DEVICE_FAMILY = "1,2";
			};
			name = Debug;
		};
		BAC9507F27CAC83000C999E9 /* Release */ = {
			isa = XCBuildConfiguration;
			buildSettings = {
				ASSETCATALOG_COMPILER_APPICON_NAME = AppIcon;
				ASSETCATALOG_COMPILER_GLOBAL_ACCENT_COLOR_NAME = AccentColor;
				CODE_SIGN_STYLE = Automatic;
				CURRENT_PROJECT_VERSION = 1;
				GENERATE_INFOPLIST_FILE = YES;
				INFOPLIST_FILE = mvp/Info.plist;
				INFOPLIST_KEY_UIApplicationSupportsIndirectInputEvents = YES;
				INFOPLIST_KEY_UILaunchStoryboardName = LaunchScreen;
				INFOPLIST_KEY_UIMainStoryboardFile = Main;
				INFOPLIST_KEY_UISupportedInterfaceOrientations_iPad = "UIInterfaceOrientationPortrait UIInterfaceOrientationPortraitUpsideDown UIInterfaceOrientationLandscapeLeft UIInterfaceOrientationLandscapeRight";
				INFOPLIST_KEY_UISupportedInterfaceOrientations_iPhone = "UIInterfaceOrientationPortrait UIInterfaceOrientationLandscapeLeft UIInterfaceOrientationLandscapeRight";
				LD_RUNPATH_SEARCH_PATHS = (
					"$(inherited)",
					"@executable_path/Frameworks",
				);
				MARKETING_VERSION = 1.0;
				PRODUCT_BUNDLE_IDENTIFIER = vitalii.mvp;
				PRODUCT_NAME = "$(TARGET_NAME)";
				SWIFT_EMIT_LOC_STRINGS = YES;
				SWIFT_VERSION = 5.0;
				TARGETED_DEVICE_FAMILY = "1,2";
			};
			name = Release;
		};
/* End XCBuildConfiguration section */

/* Begin XCConfigurationList section */
		BA14C57427CB78E0006F61DF /* Build configuration list for PBXNativeTarget "mvpTests" */ = {
			isa = XCConfigurationList;
			buildConfigurations = (
				BA14C57527CB78E0006F61DF /* Debug */,
				BA14C57627CB78E0006F61DF /* Release */,
			);
			defaultConfigurationIsVisible = 0;
			defaultConfigurationName = Release;
		};
		BAC9504E27CAC82E00C999E9 /* Build configuration list for PBXProject "mvp" */ = {
			isa = XCConfigurationList;
			buildConfigurations = (
				BAC9507B27CAC83000C999E9 /* Debug */,
				BAC9507C27CAC83000C999E9 /* Release */,
			);
			defaultConfigurationIsVisible = 0;
			defaultConfigurationName = Release;
		};
		BAC9507D27CAC83000C999E9 /* Build configuration list for PBXNativeTarget "mvp" */ = {
			isa = XCConfigurationList;
			buildConfigurations = (
				BAC9507E27CAC83000C999E9 /* Debug */,
				BAC9507F27CAC83000C999E9 /* Release */,
			);
			defaultConfigurationIsVisible = 0;
			defaultConfigurationName = Release;
		};
/* End XCConfigurationList section */
	};
	rootObject = BAC9504B27CAC82E00C999E9 /* Project object */;
}
